{
  "name": "grain-lit-element",
  "version": "0.0.6",
  "lockfileVersion": 1,
  "requires": true,
  "dependencies": {
    "grain-element": {
      "version": "git+https://github.com/daKmoR/grain-element.git#9e58b7f99ccdd496005a365fff977f57d0959df8"
    },
    "lit-html": {
      "version": "git+https://github.com/daKmoR/lit-html.git#372cd2075d4e3043ff43fe17cb5d7528e542b55d"
    }
  }
}
